// !$*UTF8*$!
{
	archiveVersion = 1;
	classes = {
	};
	objectVersion = 46;
	objects = {

/* Begin PBXBuildFile section */
		792410FD1C003B2C00027B06 /* Product.swift in Sources */ = {isa = PBXBuildFile; fileRef = 792410FC1C003B2C00027B06 /* Product.swift */; };
		792410FF1C003BED00027B06 /* Base.swift in Sources */ = {isa = PBXBuildFile; fileRef = 792410FE1C003BED00027B06 /* Base.swift */; };
		792411011C0041F200027B06 /* Material.swift in Sources */ = {isa = PBXBuildFile; fileRef = 792411001C0041F200027B06 /* Material.swift */; };
		792411031C0043AA00027B06 /* Step.swift in Sources */ = {isa = PBXBuildFile; fileRef = 792411021C0043AA00027B06 /* Step.swift */; };
		792411061C0045E600027B06 /* TransactionManager.swift in Sources */ = {isa = PBXBuildFile; fileRef = 792411051C0045E600027B06 /* TransactionManager.swift */; };
		79EB9D8B1C0055C400D9E788 /* SysConstants.swift in Sources */ = {isa = PBXBuildFile; fileRef = 79EB9D8A1C0055C400D9E788 /* SysConstants.swift */; };
		79EB9D8E1C00653400D9E788 /* HttpRequest.swift in Sources */ = {isa = PBXBuildFile; fileRef = 79EB9D8D1C00653400D9E788 /* HttpRequest.swift */; };
		79F138DD1C02DBA90077E91E /* ProductManager.swift in Sources */ = {isa = PBXBuildFile; fileRef = 79F138DC1C02DBA90077E91E /* ProductManager.swift */; };
		79F138DF1C02E1650077E91E /* UserProfile.swift in Sources */ = {isa = PBXBuildFile; fileRef = 79F138DE1C02E1650077E91E /* UserProfile.swift */; };
		79F138E11C030B5A0077E91E /* Extensions.swift in Sources */ = {isa = PBXBuildFile; fileRef = 79F138E01C030B5A0077E91E /* Extensions.swift */; };
		BA8FD6701BFB115F00064D81 /* AppDelegate.swift in Sources */ = {isa = PBXBuildFile; fileRef = BA8FD66F1BFB115F00064D81 /* AppDelegate.swift */; };
		BA8FD6721BFB115F00064D81 /* RootViewController.swift in Sources */ = {isa = PBXBuildFile; fileRef = BA8FD6711BFB115F00064D81 /* RootViewController.swift */; };
		BA8FD6741BFB115F00064D81 /* DataViewController.swift in Sources */ = {isa = PBXBuildFile; fileRef = BA8FD6731BFB115F00064D81 /* DataViewController.swift */; };
		BA8FD6761BFB115F00064D81 /* ModelController.swift in Sources */ = {isa = PBXBuildFile; fileRef = BA8FD6751BFB115F00064D81 /* ModelController.swift */; };
		BA8FD6791BFB115F00064D81 /* Main.storyboard in Resources */ = {isa = PBXBuildFile; fileRef = BA8FD6771BFB115F00064D81 /* Main.storyboard */; };
		BA8FD67B1BFB115F00064D81 /* Assets.xcassets in Resources */ = {isa = PBXBuildFile; fileRef = BA8FD67A1BFB115F00064D81 /* Assets.xcassets */; };
		BA8FD67E1BFB115F00064D81 /* LaunchScreen.storyboard in Resources */ = {isa = PBXBuildFile; fileRef = BA8FD67C1BFB115F00064D81 /* LaunchScreen.storyboard */; };
		BA8FD6891BFB115F00064D81 /* UCookTests.swift in Sources */ = {isa = PBXBuildFile; fileRef = BA8FD6881BFB115F00064D81 /* UCookTests.swift */; };
		BA8FD6941BFB115F00064D81 /* UCookUITests.swift in Sources */ = {isa = PBXBuildFile; fileRef = BA8FD6931BFB115F00064D81 /* UCookUITests.swift */; };
/* End PBXBuildFile section */

/* Begin PBXContainerItemProxy section */
		BA8FD6851BFB115F00064D81 /* PBXContainerItemProxy */ = {
			isa = PBXContainerItemProxy;
			containerPortal = BA8FD6641BFB115F00064D81 /* Project object */;
			proxyType = 1;
			remoteGlobalIDString = BA8FD66B1BFB115F00064D81;
			remoteInfo = UCook;
		};
		BA8FD6901BFB115F00064D81 /* PBXContainerItemProxy */ = {
			isa = PBXContainerItemProxy;
			containerPortal = BA8FD6641BFB115F00064D81 /* Project object */;
			proxyType = 1;
			remoteGlobalIDString = BA8FD66B1BFB115F00064D81;
			remoteInfo = UCook;
		};
/* End PBXContainerItemProxy section */

/* Begin PBXFileReference section */
		792410FC1C003B2C00027B06 /* Product.swift */ = {isa = PBXFileReference; fileEncoding = 4; lastKnownFileType = sourcecode.swift; path = Product.swift; sourceTree = "<group>"; };
		792410FE1C003BED00027B06 /* Base.swift */ = {isa = PBXFileReference; fileEncoding = 4; lastKnownFileType = sourcecode.swift; path = Base.swift; sourceTree = "<group>"; };
		792411001C0041F200027B06 /* Material.swift */ = {isa = PBXFileReference; fileEncoding = 4; lastKnownFileType = sourcecode.swift; path = Material.swift; sourceTree = "<group>"; };
		792411021C0043AA00027B06 /* Step.swift */ = {isa = PBXFileReference; fileEncoding = 4; lastKnownFileType = sourcecode.swift; path = Step.swift; sourceTree = "<group>"; };
		792411051C0045E600027B06 /* TransactionManager.swift */ = {isa = PBXFileReference; fileEncoding = 4; lastKnownFileType = sourcecode.swift; path = TransactionManager.swift; sourceTree = "<group>"; };
		79EB9D8A1C0055C400D9E788 /* SysConstants.swift */ = {isa = PBXFileReference; fileEncoding = 4; lastKnownFileType = sourcecode.swift; path = SysConstants.swift; sourceTree = "<group>"; };
		79EB9D8D1C00653400D9E788 /* HttpRequest.swift */ = {isa = PBXFileReference; fileEncoding = 4; lastKnownFileType = sourcecode.swift; path = HttpRequest.swift; sourceTree = "<group>"; };
		79F138DC1C02DBA90077E91E /* ProductManager.swift */ = {isa = PBXFileReference; fileEncoding = 4; lastKnownFileType = sourcecode.swift; path = ProductManager.swift; sourceTree = "<group>"; };
		79F138DE1C02E1650077E91E /* UserProfile.swift */ = {isa = PBXFileReference; fileEncoding = 4; lastKnownFileType = sourcecode.swift; path = UserProfile.swift; sourceTree = "<group>"; };
		79F138E01C030B5A0077E91E /* Extensions.swift */ = {isa = PBXFileReference; fileEncoding = 4; lastKnownFileType = sourcecode.swift; path = Extensions.swift; sourceTree = "<group>"; };
		BA8FD66C1BFB115F00064D81 /* UCook.app */ = {isa = PBXFileReference; explicitFileType = wrapper.application; includeInIndex = 0; path = UCook.app; sourceTree = BUILT_PRODUCTS_DIR; };
		BA8FD66F1BFB115F00064D81 /* AppDelegate.swift */ = {isa = PBXFileReference; lastKnownFileType = sourcecode.swift; path = AppDelegate.swift; sourceTree = "<group>"; };
		BA8FD6711BFB115F00064D81 /* RootViewController.swift */ = {isa = PBXFileReference; lastKnownFileType = sourcecode.swift; path = RootViewController.swift; sourceTree = "<group>"; };
		BA8FD6731BFB115F00064D81 /* DataViewController.swift */ = {isa = PBXFileReference; lastKnownFileType = sourcecode.swift; path = DataViewController.swift; sourceTree = "<group>"; };
		BA8FD6751BFB115F00064D81 /* ModelController.swift */ = {isa = PBXFileReference; lastKnownFileType = sourcecode.swift; path = ModelController.swift; sourceTree = "<group>"; };
		BA8FD6781BFB115F00064D81 /* Base */ = {isa = PBXFileReference; lastKnownFileType = file.storyboard; name = Base; path = Base.lproj/Main.storyboard; sourceTree = "<group>"; };
		BA8FD67A1BFB115F00064D81 /* Assets.xcassets */ = {isa = PBXFileReference; lastKnownFileType = folder.assetcatalog; path = Assets.xcassets; sourceTree = "<group>"; };
		BA8FD67D1BFB115F00064D81 /* Base */ = {isa = PBXFileReference; lastKnownFileType = file.storyboard; name = Base; path = Base.lproj/LaunchScreen.storyboard; sourceTree = "<group>"; };
		BA8FD67F1BFB115F00064D81 /* Info.plist */ = {isa = PBXFileReference; lastKnownFileType = text.plist.xml; path = Info.plist; sourceTree = "<group>"; };
		BA8FD6841BFB115F00064D81 /* UCookTests.xctest */ = {isa = PBXFileReference; explicitFileType = wrapper.cfbundle; includeInIndex = 0; path = UCookTests.xctest; sourceTree = BUILT_PRODUCTS_DIR; };
		BA8FD6881BFB115F00064D81 /* UCookTests.swift */ = {isa = PBXFileReference; lastKnownFileType = sourcecode.swift; path = UCookTests.swift; sourceTree = "<group>"; };
		BA8FD68A1BFB115F00064D81 /* Info.plist */ = {isa = PBXFileReference; lastKnownFileType = text.plist.xml; path = Info.plist; sourceTree = "<group>"; };
		BA8FD68F1BFB115F00064D81 /* UCookUITests.xctest */ = {isa = PBXFileReference; explicitFileType = wrapper.cfbundle; includeInIndex = 0; path = UCookUITests.xctest; sourceTree = BUILT_PRODUCTS_DIR; };
		BA8FD6931BFB115F00064D81 /* UCookUITests.swift */ = {isa = PBXFileReference; lastKnownFileType = sourcecode.swift; path = UCookUITests.swift; sourceTree = "<group>"; };
		BA8FD6951BFB115F00064D81 /* Info.plist */ = {isa = PBXFileReference; lastKnownFileType = text.plist.xml; path = Info.plist; sourceTree = "<group>"; };
/* End PBXFileReference section */

/* Begin PBXFrameworksBuildPhase section */
		BA8FD6691BFB115F00064D81 /* Frameworks */ = {
			isa = PBXFrameworksBuildPhase;
			buildActionMask = 2147483647;
			files = (
			);
			runOnlyForDeploymentPostprocessing = 0;
		};
		BA8FD6811BFB115F00064D81 /* Frameworks */ = {
			isa = PBXFrameworksBuildPhase;
			buildActionMask = 2147483647;
			files = (
			);
			runOnlyForDeploymentPostprocessing = 0;
		};
		BA8FD68C1BFB115F00064D81 /* Frameworks */ = {
			isa = PBXFrameworksBuildPhase;
			buildActionMask = 2147483647;
			files = (
			);
			runOnlyForDeploymentPostprocessing = 0;
		};
/* End PBXFrameworksBuildPhase section */

/* Begin PBXGroup section */
		792410FB1C003A9F00027B06 /* Model */ = {
			isa = PBXGroup;
			children = (
				792410FC1C003B2C00027B06 /* Product.swift */,
				792410FE1C003BED00027B06 /* Base.swift */,
				792411001C0041F200027B06 /* Material.swift */,
				792411021C0043AA00027B06 /* Step.swift */,
				79F138DE1C02E1650077E91E /* UserProfile.swift */,
			);
			name = Model;
			sourceTree = "<group>";
		};
		792411041C00458900027B06 /* Manager */ = {
			isa = PBXGroup;
			children = (
				792411051C0045E600027B06 /* TransactionManager.swift */,
				79F138DC1C02DBA90077E91E /* ProductManager.swift */,
			);
			name = Manager;
			sourceTree = "<group>";
		};
		79EB9D881C00555400D9E788 /* Source */ = {
			isa = PBXGroup;
			children = (
				79EB9D8C1C00651900D9E788 /* Utils */,
				79EB9D891C0055A500D9E788 /* Config */,
				792411041C00458900027B06 /* Manager */,
			);
			name = Source;
			sourceTree = "<group>";
		};
		79EB9D891C0055A500D9E788 /* Config */ = {
			isa = PBXGroup;
			children = (
				79EB9D8A1C0055C400D9E788 /* SysConstants.swift */,
			);
			name = Config;
			sourceTree = "<group>";
		};
		79EB9D8C1C00651900D9E788 /* Utils */ = {
			isa = PBXGroup;
			children = (
				79EB9D8D1C00653400D9E788 /* HttpRequest.swift */,
				79F138E01C030B5A0077E91E /* Extensions.swift */,
			);
			name = Utils;
			sourceTree = "<group>";
		};
		BA8FD6631BFB115F00064D81 = {
			isa = PBXGroup;
			children = (
				BA8FD66E1BFB115F00064D81 /* UCook */,
				BA8FD6871BFB115F00064D81 /* UCookTests */,
				BA8FD6921BFB115F00064D81 /* UCookUITests */,
				BA8FD66D1BFB115F00064D81 /* Products */,
			);
			sourceTree = "<group>";
		};
		BA8FD66D1BFB115F00064D81 /* Products */ = {
			isa = PBXGroup;
			children = (
				BA8FD66C1BFB115F00064D81 /* UCook.app */,
				BA8FD6841BFB115F00064D81 /* UCookTests.xctest */,
				BA8FD68F1BFB115F00064D81 /* UCookUITests.xctest */,
			);
			name = Products;
			sourceTree = "<group>";
		};
		BA8FD66E1BFB115F00064D81 /* UCook */ = {
			isa = PBXGroup;
			children = (
				79EB9D881C00555400D9E788 /* Source */,
				792410FB1C003A9F00027B06 /* Model */,
				BA8FD66F1BFB115F00064D81 /* AppDelegate.swift */,
				BA8FD6711BFB115F00064D81 /* RootViewController.swift */,
				BA8FD6731BFB115F00064D81 /* DataViewController.swift */,
				BA8FD6751BFB115F00064D81 /* ModelController.swift */,
				BA8FD6771BFB115F00064D81 /* Main.storyboard */,
				BA8FD67A1BFB115F00064D81 /* Assets.xcassets */,
				BA8FD67C1BFB115F00064D81 /* LaunchScreen.storyboard */,
				BA8FD67F1BFB115F00064D81 /* Info.plist */,
			);
			path = UCook;
			sourceTree = "<group>";
		};
		BA8FD6871BFB115F00064D81 /* UCookTests */ = {
			isa = PBXGroup;
			children = (
				BA8FD6881BFB115F00064D81 /* UCookTests.swift */,
				BA8FD68A1BFB115F00064D81 /* Info.plist */,
			);
			path = UCookTests;
			sourceTree = "<group>";
		};
		BA8FD6921BFB115F00064D81 /* UCookUITests */ = {
			isa = PBXGroup;
			children = (
				BA8FD6931BFB115F00064D81 /* UCookUITests.swift */,
				BA8FD6951BFB115F00064D81 /* Info.plist */,
			);
			path = UCookUITests;
			sourceTree = "<group>";
		};
/* End PBXGroup section */

/* Begin PBXNativeTarget section */
		BA8FD66B1BFB115F00064D81 /* UCook */ = {
			isa = PBXNativeTarget;
			buildConfigurationList = BA8FD6981BFB115F00064D81 /* Build configuration list for PBXNativeTarget "UCook" */;
			buildPhases = (
				BA8FD6681BFB115F00064D81 /* Sources */,
				BA8FD6691BFB115F00064D81 /* Frameworks */,
				BA8FD66A1BFB115F00064D81 /* Resources */,
			);
			buildRules = (
			);
			dependencies = (
			);
			name = UCook;
			productName = UCook;
			productReference = BA8FD66C1BFB115F00064D81 /* UCook.app */;
			productType = "com.apple.product-type.application";
		};
		BA8FD6831BFB115F00064D81 /* UCookTests */ = {
			isa = PBXNativeTarget;
			buildConfigurationList = BA8FD69B1BFB115F00064D81 /* Build configuration list for PBXNativeTarget "UCookTests" */;
			buildPhases = (
				BA8FD6801BFB115F00064D81 /* Sources */,
				BA8FD6811BFB115F00064D81 /* Frameworks */,
				BA8FD6821BFB115F00064D81 /* Resources */,
			);
			buildRules = (
			);
			dependencies = (
				BA8FD6861BFB115F00064D81 /* PBXTargetDependency */,
			);
			name = UCookTests;
			productName = UCookTests;
			productReference = BA8FD6841BFB115F00064D81 /* UCookTests.xctest */;
			productType = "com.apple.product-type.bundle.unit-test";
		};
		BA8FD68E1BFB115F00064D81 /* UCookUITests */ = {
			isa = PBXNativeTarget;
			buildConfigurationList = BA8FD69E1BFB115F00064D81 /* Build configuration list for PBXNativeTarget "UCookUITests" */;
			buildPhases = (
				BA8FD68B1BFB115F00064D81 /* Sources */,
				BA8FD68C1BFB115F00064D81 /* Frameworks */,
				BA8FD68D1BFB115F00064D81 /* Resources */,
			);
			buildRules = (
			);
			dependencies = (
				BA8FD6911BFB115F00064D81 /* PBXTargetDependency */,
			);
			name = UCookUITests;
			productName = UCookUITests;
			productReference = BA8FD68F1BFB115F00064D81 /* UCookUITests.xctest */;
			productType = "com.apple.product-type.bundle.ui-testing";
		};
/* End PBXNativeTarget section */

/* Begin PBXProject section */
		BA8FD6641BFB115F00064D81 /* Project object */ = {
			isa = PBXProject;
			attributes = {
				LastSwiftUpdateCheck = 0710;
				LastUpgradeCheck = 0710;
				ORGANIZATIONNAME = PANDA;
				TargetAttributes = {
					BA8FD66B1BFB115F00064D81 = {
						CreatedOnToolsVersion = 7.1.1;
					};
					BA8FD6831BFB115F00064D81 = {
						CreatedOnToolsVersion = 7.1.1;
						TestTargetID = BA8FD66B1BFB115F00064D81;
					};
					BA8FD68E1BFB115F00064D81 = {
						CreatedOnToolsVersion = 7.1.1;
						TestTargetID = BA8FD66B1BFB115F00064D81;
					};
				};
			};
			buildConfigurationList = BA8FD6671BFB115F00064D81 /* Build configuration list for PBXProject "UCook" */;
			compatibilityVersion = "Xcode 3.2";
			developmentRegion = English;
			hasScannedForEncodings = 0;
			knownRegions = (
				en,
				Base,
			);
			mainGroup = BA8FD6631BFB115F00064D81;
			productRefGroup = BA8FD66D1BFB115F00064D81 /* Products */;
			projectDirPath = "";
			projectRoot = "";
			targets = (
				BA8FD66B1BFB115F00064D81 /* UCook */,
				BA8FD6831BFB115F00064D81 /* UCookTests */,
				BA8FD68E1BFB115F00064D81 /* UCookUITests */,
			);
		};
/* End PBXProject section */

/* Begin PBXResourcesBuildPhase section */
		BA8FD66A1BFB115F00064D81 /* Resources */ = {
			isa = PBXResourcesBuildPhase;
			buildActionMask = 2147483647;
			files = (
				BA8FD67E1BFB115F00064D81 /* LaunchScreen.storyboard in Resources */,
				BA8FD67B1BFB115F00064D81 /* Assets.xcassets in Resources */,
				BA8FD6791BFB115F00064D81 /* Main.storyboard in Resources */,
			);
			runOnlyForDeploymentPostprocessing = 0;
		};
		BA8FD6821BFB115F00064D81 /* Resources */ = {
			isa = PBXResourcesBuildPhase;
			buildActionMask = 2147483647;
			files = (
			);
			runOnlyForDeploymentPostprocessing = 0;
		};
		BA8FD68D1BFB115F00064D81 /* Resources */ = {
			isa = PBXResourcesBuildPhase;
			buildActionMask = 2147483647;
			files = (
			);
			runOnlyForDeploymentPostprocessing = 0;
		};
/* End PBXResourcesBuildPhase section */

/* Begin PBXSourcesBuildPhase section */
		BA8FD6681BFB115F00064D81 /* Sources */ = {
			isa = PBXSourcesBuildPhase;
			buildActionMask = 2147483647;
			files = (
				792411011C0041F200027B06 /* Material.swift in Sources */,
				792411031C0043AA00027B06 /* Step.swift in Sources */,
				792410FF1C003BED00027B06 /* Base.swift in Sources */,
				79EB9D8B1C0055C400D9E788 /* SysConstants.swift in Sources */,
				BA8FD6721BFB115F00064D81 /* RootViewController.swift in Sources */,
				BA8FD6761BFB115F00064D81 /* ModelController.swift in Sources */,
				792411061C0045E600027B06 /* TransactionManager.swift in Sources */,
				79F138DD1C02DBA90077E91E /* ProductManager.swift in Sources */,
				792410FD1C003B2C00027B06 /* Product.swift in Sources */,
				79EB9D8E1C00653400D9E788 /* HttpRequest.swift in Sources */,
				BA8FD6741BFB115F00064D81 /* DataViewController.swift in Sources */,
				BA8FD6701BFB115F00064D81 /* AppDelegate.swift in Sources */,
				79F138DF1C02E1650077E91E /* UserProfile.swift in Sources */,
				79F138E11C030B5A0077E91E /* Extensions.swift in Sources */,
			);
			runOnlyForDeploymentPostprocessing = 0;
		};
		BA8FD6801BFB115F00064D81 /* Sources */ = {
			isa = PBXSourcesBuildPhase;
			buildActionMask = 2147483647;
			files = (
				BA8FD6891BFB115F00064D81 /* UCookTests.swift in Sources */,
			);
			runOnlyForDeploymentPostprocessing = 0;
		};
		BA8FD68B1BFB115F00064D81 /* Sources */ = {
			isa = PBXSourcesBuildPhase;
			buildActionMask = 2147483647;
			files = (
				BA8FD6941BFB115F00064D81 /* UCookUITests.swift in Sources */,
			);
			runOnlyForDeploymentPostprocessing = 0;
		};
/* End PBXSourcesBuildPhase section */

/* Begin PBXTargetDependency section */
		BA8FD6861BFB115F00064D81 /* PBXTargetDependency */ = {
			isa = PBXTargetDependency;
			target = BA8FD66B1BFB115F00064D81 /* UCook */;
			targetProxy = BA8FD6851BFB115F00064D81 /* PBXContainerItemProxy */;
		};
		BA8FD6911BFB115F00064D81 /* PBXTargetDependency */ = {
			isa = PBXTargetDependency;
			target = BA8FD66B1BFB115F00064D81 /* UCook */;
			targetProxy = BA8FD6901BFB115F00064D81 /* PBXContainerItemProxy */;
		};
/* End PBXTargetDependency section */

/* Begin PBXVariantGroup section */
		BA8FD6771BFB115F00064D81 /* Main.storyboard */ = {
			isa = PBXVariantGroup;
			children = (
				BA8FD6781BFB115F00064D81 /* Base */,
			);
			name = Main.storyboard;
			sourceTree = "<group>";
		};
		BA8FD67C1BFB115F00064D81 /* LaunchScreen.storyboard */ = {
			isa = PBXVariantGroup;
			children = (
				BA8FD67D1BFB115F00064D81 /* Base */,
			);
			name = LaunchScreen.storyboard;
			sourceTree = "<group>";
		};
/* End PBXVariantGroup section */

/* Begin XCBuildConfiguration section */
		BA8FD6961BFB115F00064D81 /* Debug */ = {
			isa = XCBuildConfiguration;
			buildSettings = {
				ALWAYS_SEARCH_USER_PATHS = NO;
				CLANG_CXX_LANGUAGE_STANDARD = "gnu++0x";
				CLANG_CXX_LIBRARY = "libc++";
				CLANG_ENABLE_MODULES = YES;
				CLANG_ENABLE_OBJC_ARC = YES;
				CLANG_WARN_BOOL_CONVERSION = YES;
				CLANG_WARN_CONSTANT_CONVERSION = YES;
				CLANG_WARN_DIRECT_OBJC_ISA_USAGE = YES_ERROR;
				CLANG_WARN_EMPTY_BODY = YES;
				CLANG_WARN_ENUM_CONVERSION = YES;
				CLANG_WARN_INT_CONVERSION = YES;
				CLANG_WARN_OBJC_ROOT_CLASS = YES_ERROR;
				CLANG_WARN_UNREACHABLE_CODE = YES;
				CLANG_WARN__DUPLICATE_METHOD_MATCH = YES;
				"CODE_SIGN_IDENTITY[sdk=iphoneos*]" = "iPhone Developer";
				COPY_PHASE_STRIP = NO;
				DEBUG_INFORMATION_FORMAT = dwarf;
				ENABLE_STRICT_OBJC_MSGSEND = YES;
				ENABLE_TESTABILITY = YES;
				GCC_C_LANGUAGE_STANDARD = gnu99;
				GCC_DYNAMIC_NO_PIC = NO;
				GCC_NO_COMMON_BLOCKS = YES;
				GCC_OPTIMIZATION_LEVEL = 0;
				GCC_PREPROCESSOR_DEFINITIONS = (
					"DEBUG=1",
					"$(inherited)",
				);
				GCC_WARN_64_TO_32_BIT_CONVERSION = YES;
				GCC_WARN_ABOUT_RETURN_TYPE = YES_ERROR;
				GCC_WARN_UNDECLARED_SELECTOR = YES;
				GCC_WARN_UNINITIALIZED_AUTOS = YES_AGGRESSIVE;
				GCC_WARN_UNUSED_FUNCTION = YES;
				GCC_WARN_UNUSED_VARIABLE = YES;
				IPHONEOS_DEPLOYMENT_TARGET = 9.1;
				MTL_ENABLE_DEBUG_INFO = YES;
				ONLY_ACTIVE_ARCH = YES;
				SDKROOT = iphoneos;
				SWIFT_OPTIMIZATION_LEVEL = "-Onone";
			};
			name = Debug;
		};
		BA8FD6971BFB115F00064D81 /* Release */ = {
			isa = XCBuildConfiguration;
			buildSettings = {
				ALWAYS_SEARCH_USER_PATHS = NO;
				CLANG_CXX_LANGUAGE_STANDARD = "gnu++0x";
				CLANG_CXX_LIBRARY = "libc++";
				CLANG_ENABLE_MODULES = YES;
				CLANG_ENABLE_OBJC_ARC = YES;
				CLANG_WARN_BOOL_CONVERSION = YES;
				CLANG_WARN_CONSTANT_CONVERSION = YES;
				CLANG_WARN_DIRECT_OBJC_ISA_USAGE = YES_ERROR;
				CLANG_WARN_EMPTY_BODY = YES;
				CLANG_WARN_ENUM_CONVERSION = YES;
				CLANG_WARN_INT_CONVERSION = YES;
				CLANG_WARN_OBJC_ROOT_CLASS = YES_ERROR;
				CLANG_WARN_UNREACHABLE_CODE = YES;
				CLANG_WARN__DUPLICATE_METHOD_MATCH = YES;
				"CODE_SIGN_IDENTITY[sdk=iphoneos*]" = "iPhone Developer";
				COPY_PHASE_STRIP = NO;
				DEBUG_INFORMATION_FORMAT = "dwarf-with-dsym";
				ENABLE_NS_ASSERTIONS = NO;
				ENABLE_STRICT_OBJC_MSGSEND = YES;
				GCC_C_LANGUAGE_STANDARD = gnu99;
				GCC_NO_COMMON_BLOCKS = YES;
				GCC_WARN_64_TO_32_BIT_CONVERSION = YES;
				GCC_WARN_ABOUT_RETURN_TYPE = YES_ERROR;
				GCC_WARN_UNDECLARED_SELECTOR = YES;
				GCC_WARN_UNINITIALIZED_AUTOS = YES_AGGRESSIVE;
				GCC_WARN_UNUSED_FUNCTION = YES;
				GCC_WARN_UNUSED_VARIABLE = YES;
				IPHONEOS_DEPLOYMENT_TARGET = 9.1;
				MTL_ENABLE_DEBUG_INFO = NO;
				SDKROOT = iphoneos;
				VALIDATE_PRODUCT = YES;
			};
			name = Release;
		};
		BA8FD6991BFB115F00064D81 /* Debug */ = {
			isa = XCBuildConfiguration;
			buildSettings = {
				ASSETCATALOG_COMPILER_APPICON_NAME = AppIcon;
				INFOPLIST_FILE = UCook/Info.plist;
				LD_RUNPATH_SEARCH_PATHS = "$(inherited) @executable_path/Frameworks";
				PRODUCT_BUNDLE_IDENTIFIER = AiShao.Studio.UCook;
				PRODUCT_NAME = "$(TARGET_NAME)";
			};
			name = Debug;
		};
		BA8FD69A1BFB115F00064D81 /* Release */ = {
			isa = XCBuildConfiguration;
			buildSettings = {
				ASSETCATALOG_COMPILER_APPICON_NAME = AppIcon;
				INFOPLIST_FILE = UCook/Info.plist;
				LD_RUNPATH_SEARCH_PATHS = "$(inherited) @executable_path/Frameworks";
				PRODUCT_BUNDLE_IDENTIFIER = AiShao.Studio.UCook;
				PRODUCT_NAME = "$(TARGET_NAME)";
			};
			name = Release;
		};
		BA8FD69C1BFB115F00064D81 /* Debug */ = {
			isa = XCBuildConfiguration;
			buildSettings = {
				BUNDLE_LOADER = "$(TEST_HOST)";
				INFOPLIST_FILE = UCookTests/Info.plist;
				LD_RUNPATH_SEARCH_PATHS = "$(inherited) @executable_path/Frameworks @loader_path/Frameworks";
				PRODUCT_BUNDLE_IDENTIFIER = AiShao.Studio.UCookTests;
				PRODUCT_NAME = "$(TARGET_NAME)";
				TEST_HOST = "$(BUILT_PRODUCTS_DIR)/UCook.app/UCook";
			};
			name = Debug;
		};
		BA8FD69D1BFB115F00064D81 /* Release */ = {
			isa = XCBuildConfiguration;
			buildSettings = {
				BUNDLE_LOADER = "$(TEST_HOST)";
				INFOPLIST_FILE = UCookTests/Info.plist;
				LD_RUNPATH_SEARCH_PATHS = "$(inherited) @executable_path/Frameworks @loader_path/Frameworks";
				PRODUCT_BUNDLE_IDENTIFIER = AiShao.Studio.UCookTests;
				PRODUCT_NAME = "$(TARGET_NAME)";
				TEST_HOST = "$(BUILT_PRODUCTS_DIR)/UCook.app/UCook";
			};
			name = Release;
		};
		BA8FD69F1BFB115F00064D81 /* Debug */ = {
			isa = XCBuildConfiguration;
			buildSettings = {
				INFOPLIST_FILE = UCookUITests/Info.plist;
				LD_RUNPATH_SEARCH_PATHS = "$(inherited) @executable_path/Frameworks @loader_path/Frameworks";
				PRODUCT_BUNDLE_IDENTIFIER = AiShao.Studio.UCookUITests;
				PRODUCT_NAME = "$(TARGET_NAME)";
				TEST_TARGET_NAME = UCook;
				USES_XCTRUNNER = YES;
			};
			name = Debug;
		};
		BA8FD6A01BFB115F00064D81 /* Release */ = {
			isa = XCBuildConfiguration;
			buildSettings = {
				INFOPLIST_FILE = UCookUITests/Info.plist;
				LD_RUNPATH_SEARCH_PATHS = "$(inherited) @executable_path/Frameworks @loader_path/Frameworks";
				PRODUCT_BUNDLE_IDENTIFIER = AiShao.Studio.UCookUITests;
				PRODUCT_NAME = "$(TARGET_NAME)";
				TEST_TARGET_NAME = UCook;
				USES_XCTRUNNER = YES;
			};
			name = Release;
		};
/* End XCBuildConfiguration section */

/* Begin XCConfigurationList section */
		BA8FD6671BFB115F00064D81 /* Build configuration list for PBXProject "UCook" */ = {
			isa = XCConfigurationList;
			buildConfigurations = (
				BA8FD6961BFB115F00064D81 /* Debug */,
				BA8FD6971BFB115F00064D81 /* Release */,
			);
			defaultConfigurationIsVisible = 0;
			defaultConfigurationName = Release;
		};
		BA8FD6981BFB115F00064D81 /* Build configuration list for PBXNativeTarget "UCook" */ = {
			isa = XCConfigurationList;
			buildConfigurations = (
				BA8FD6991BFB115F00064D81 /* Debug */,
				BA8FD69A1BFB115F00064D81 /* Release */,
			);
			defaultConfigurationIsVisible = 0;
			defaultConfigurationName = Release;
		};
		BA8FD69B1BFB115F00064D81 /* Build configuration list for PBXNativeTarget "UCookTests" */ = {
			isa = XCConfigurationList;
			buildConfigurations = (
				BA8FD69C1BFB115F00064D81 /* Debug */,
				BA8FD69D1BFB115F00064D81 /* Release */,
			);
			defaultConfigurationIsVisible = 0;
			defaultConfigurationName = Release;
		};
		BA8FD69E1BFB115F00064D81 /* Build configuration list for PBXNativeTarget "UCookUITests" */ = {
			isa = XCConfigurationList;
			buildConfigurations = (
				BA8FD69F1BFB115F00064D81 /* Debug */,
				BA8FD6A01BFB115F00064D81 /* Release */,
			);
			defaultConfigurationIsVisible = 0;
			defaultConfigurationName = Release;
		};
/* End XCConfigurationList section */
	};
	rootObject = BA8FD6641BFB115F00064D81 /* Project object */;
}
